
Microsoft Visual Studio Solution File, Format Version 12.00
# Visual Studio Version 16
VisualStudioVersion = 16.0.31402.337
MinimumVisualStudioVersion = 10.0.40219.1
Project("{FAE04EC0-301F-11D3-BF4B-00C04F79EFBC}") = "WebApplication1", "WebApplication1\WebApplication1.csproj", "{02230D58-0266-4751-99DC-0ABB9E22CB95}"
EndProject
Global
	GlobalSection(SolutionConfigurationPlatforms) = preSolution
		Debug|Any CPU = Debug|Any CPU
		Release|Any CPU = Release|Any CPU
	EndGlobalSection
	GlobalSection(ProjectConfigurationPlatforms) = postSolution
		{02230D58-0266-4751-99DC-0ABB9E22CB95}.Debug|Any CPU.ActiveCfg = Debug|Any CPU
		{02230D58-0266-4751-99DC-0ABB9E22CB95}.Debug|Any CPU.Build.0 = Debug|Any CPU
		{02230D58-0266-4751-99DC-0ABB9E22CB95}.Release|Any CPU.ActiveCfg = Release|Any CPU
		{02230D58-0266-4751-99DC-0ABB9E22CB95}.Release|Any CPU.Build.0 = Release|Any CPU
	EndGlobalSection
	GlobalSection(SolutionProperties) = preSolution
		HideSolutionNode = FALSE
	EndGlobalSection
	GlobalSection(ExtensibilityGlobals) = postSolution
		SolutionGuid = {2DF1A547-C409-4E0D-967E-2DF3A2399715}
	EndGlobalSection
EndGlobal
